// !$*UTF8*$!
{
	archiveVersion = 1;
	classes = {
	};
	objectVersion = 56;
	objects = {

/* Begin PBXBuildFile section */
		55055B2E2B7E18A10025DF69 /* mainTask2.cpp in Sources */ = {isa = PBXBuildFile; fileRef = 55055B2D2B7E18A10025DF69 /* mainTask2.cpp */; };
		559E922B2B75079400F1C2F1 /* main.cpp in Sources */ = {isa = PBXBuildFile; fileRef = 559E922A2B75079400F1C2F1 /* main.cpp */; };
		559E92352B7507FB00F1C2F1 /* SDL2.framework in Frameworks */ = {isa = PBXBuildFile; fileRef = 559E92342B7507FB00F1C2F1 /* SDL2.framework */; };
		559E92392B75105200F1C2F1 /* SDL2_image.framework in Frameworks */ = {isa = PBXBuildFile; fileRef = 559E92382B75105200F1C2F1 /* SDL2_image.framework */; };
/* End PBXBuildFile section */

/* Begin PBXCopyFilesBuildPhase section */
		559E92252B75079400F1C2F1 /* CopyFiles */ = {
			isa = PBXCopyFilesBuildPhase;
			buildActionMask = 12;
			dstPath = "";
			dstSubfolderSpec = 10;
			files = (
			);
			runOnlyForDeploymentPostprocessing = 0;
		};
/* End PBXCopyFilesBuildPhase section */

/* Begin PBXFileReference section */
		55055B2D2B7E18A10025DF69 /* mainTask2.cpp */ = {isa = PBXFileReference; lastKnownFileType = sourcecode.cpp.cpp; path = mainTask2.cpp; sourceTree = "<group>"; };
		559E92272B75079400F1C2F1 /* SDL_ttf_Events_homework */ = {isa = PBXFileReference; explicitFileType = "compiled.mach-o.executable"; includeInIndex = 0; path = SDL_ttf_Events_homework; sourceTree = BUILT_PRODUCTS_DIR; };
		559E922A2B75079400F1C2F1 /* main.cpp */ = {isa = PBXFileReference; lastKnownFileType = sourcecode.cpp.cpp; path = main.cpp; sourceTree = "<group>"; };
		559E92322B7507DF00F1C2F1 /* SDL2_ttf.framework */ = {isa = PBXFileReference; lastKnownFileType = wrapper.framework; name = SDL2_ttf.framework; path = ../../../../../Library/Frameworks/SDL2_ttf.framework; sourceTree = "<group>"; };
		559E92342B7507FB00F1C2F1 /* SDL2.framework */ = {isa = PBXFileReference; lastKnownFileType = wrapper.framework; name = SDL2.framework; path = ../../../../../Library/Frameworks/SDL2.framework; sourceTree = "<group>"; };
		559E92362B75084C00F1C2F1 /* SDL_ttf_Events_homework.entitlements */ = {isa = PBXFileReference; lastKnownFileType = text.plist.entitlements; path = SDL_ttf_Events_homework.entitlements; sourceTree = "<group>"; };
		559E92372B75086700F1C2F1 /* task.h */ = {isa = PBXFileReference; lastKnownFileType = sourcecode.c.h; path = task.h; sourceTree = "<group>"; };
		559E92382B75105200F1C2F1 /* SDL2_image.framework */ = {isa = PBXFileReference; lastKnownFileType = wrapper.framework; name = SDL2_image.framework; path = ../../../../../Library/Frameworks/SDL2_image.framework; sourceTree = "<group>"; };
/* End PBXFileReference section */

/* Begin PBXFrameworksBuildPhase section */
		559E92242B75079400F1C2F1 /* Frameworks */ = {
			isa = PBXFrameworksBuildPhase;
			buildActionMask = 2147483647;
			files = (
				559E92392B75105200F1C2F1 /* SDL2_image.framework in Frameworks */,
				559E92352B7507FB00F1C2F1 /* SDL2.framework in Frameworks */,
			);
			runOnlyForDeploymentPostprocessing = 0;
		};
/* End PBXFrameworksBuildPhase section */

/* Begin PBXGroup section */
		559E921E2B75079400F1C2F1 = {
			isa = PBXGroup;
			children = (
				559E92292B75079400F1C2F1 /* SDL_ttf_Events_homework */,
				559E92282B75079400F1C2F1 /* Products */,
				559E92312B7507DF00F1C2F1 /* Frameworks */,
			);
			sourceTree = "<group>";
		};
		559E92282B75079400F1C2F1 /* Products */ = {
			isa = PBXGroup;
			children = (
				559E92272B75079400F1C2F1 /* SDL_ttf_Events_homework */,
			);
			name = Products;
			sourceTree = "<group>";
		};
		559E92292B75079400F1C2F1 /* SDL_ttf_Events_homework */ = {
			isa = PBXGroup;
			children = (
				559E92362B75084C00F1C2F1 /* SDL_ttf_Events_homework.entitlements */,
				559E922A2B75079400F1C2F1 /* main.cpp */,
				559E92372B75086700F1C2F1 /* task.h */,
				55055B2D2B7E18A10025DF69 /* mainTask2.cpp */,
			);
			path = SDL_ttf_Events_homework;
			sourceTree = "<group>";
		};
		559E92312B7507DF00F1C2F1 /* Frameworks */ = {
			isa = PBXGroup;
			children = (
				559E92382B75105200F1C2F1 /* SDL2_image.framework */,
				559E92342B7507FB00F1C2F1 /* SDL2.framework */,
				559E92322B7507DF00F1C2F1 /* SDL2_ttf.framework */,
			);
			name = Frameworks;
			sourceTree = "<group>";
		};
/* End PBXGroup section */

/* Begin PBXNativeTarget section */
		559E92262B75079400F1C2F1 /* SDL_ttf_Events_homework */ = {
			isa = PBXNativeTarget;
			buildConfigurationList = 559E922E2B75079400F1C2F1 /* Build configuration list for PBXNativeTarget "SDL_ttf_Events_homework" */;
			buildPhases = (
				559E92232B75079400F1C2F1 /* Sources */,
				559E92242B75079400F1C2F1 /* Frameworks */,
				559E92252B75079400F1C2F1 /* CopyFiles */,
			);
			buildRules = (
			);
			dependencies = (
			);
			name = SDL_ttf_Events_homework;
			productName = SDL_ttf_Events_homework;
			productReference = 559E92272B75079400F1C2F1 /* SDL_ttf_Events_homework */;
			productType = "com.apple.product-type.tool";
		};
/* End PBXNativeTarget section */

/* Begin PBXProject section */
		559E921F2B75079400F1C2F1 /* Project object */ = {
			isa = PBXProject;
			attributes = {
				BuildIndependentTargetsInParallel = 1;
				LastUpgradeCheck = 1420;
				TargetAttributes = {
					559E92262B75079400F1C2F1 = {
						CreatedOnToolsVersion = 14.2;
					};
				};
			};
			buildConfigurationList = 559E92222B75079400F1C2F1 /* Build configuration list for PBXProject "SDL_ttf_Events_homework" */;
			compatibilityVersion = "Xcode 14.0";
			developmentRegion = en;
			hasScannedForEncodings = 0;
			knownRegions = (
				en,
				Base,
			);
			mainGroup = 559E921E2B75079400F1C2F1;
			productRefGroup = 559E92282B75079400F1C2F1 /* Products */;
			projectDirPath = "";
			projectRoot = "";
			targets = (
				559E92262B75079400F1C2F1 /* SDL_ttf_Events_homework */,
			);
		};
/* End PBXProject section */

/* Begin PBXSourcesBuildPhase section */
		559E92232B75079400F1C2F1 /* Sources */ = {
			isa = PBXSourcesBuildPhase;
			buildActionMask = 2147483647;
			files = (
				55055B2E2B7E18A10025DF69 /* mainTask2.cpp in Sources */,
				559E922B2B75079400F1C2F1 /* main.cpp in Sources */,
			);
			runOnlyForDeploymentPostprocessing = 0;
		};
/* End PBXSourcesBuildPhase section */

/* Begin XCBuildConfiguration section */
		559E922C2B75079400F1C2F1 /* Debug */ = {
			isa = XCBuildConfiguration;
			buildSettings = {
				ALWAYS_SEARCH_USER_PATHS = NO;
				CLANG_ANALYZER_NONNULL = YES;
				CLANG_ANALYZER_NUMBER_OBJECT_CONVERSION = YES_AGGRESSIVE;
				CLANG_CXX_LANGUAGE_STANDARD = "gnu++20";
				CLANG_ENABLE_MODULES = YES;
				CLANG_ENABLE_OBJC_ARC = YES;
				CLANG_ENABLE_OBJC_WEAK = YES;
				CLANG_WARN_BLOCK_CAPTURE_AUTORELEASING = YES;
				CLANG_WARN_BOOL_CONVERSION = YES;
				CLANG_WARN_COMMA = YES;
				CLANG_WARN_CONSTANT_CONVERSION = YES;
				CLANG_WARN_DEPRECATED_OBJC_IMPLEMENTATIONS = YES;
				CLANG_WARN_DIRECT_OBJC_ISA_USAGE = YES_ERROR;
				CLANG_WARN_DOCUMENTATION_COMMENTS = YES;
				CLANG_WARN_EMPTY_BODY = YES;
				CLANG_WARN_ENUM_CONVERSION = YES;
				CLANG_WARN_INFINITE_RECURSION = YES;
				CLANG_WARN_INT_CONVERSION = YES;
				CLANG_WARN_NON_LITERAL_NULL_CONVERSION = YES;
				CLANG_WARN_OBJC_IMPLICIT_RETAIN_SELF = YES;
				CLANG_WARN_OBJC_LITERAL_CONVERSION = YES;
				CLANG_WARN_OBJC_ROOT_CLASS = YES_ERROR;
				CLANG_WARN_QUOTED_INCLUDE_IN_FRAMEWORK_HEADER = YES;
				CLANG_WARN_RANGE_LOOP_ANALYSIS = YES;
				CLANG_WARN_STRICT_PROTOTYPES = YES;
				CLANG_WARN_SUSPICIOUS_MOVE = YES;
				CLANG_WARN_UNGUARDED_AVAILABILITY = YES_AGGRESSIVE;
				CLANG_WARN_UNREACHABLE_CODE = YES;
				CLANG_WARN__DUPLICATE_METHOD_MATCH = YES;
				COPY_PHASE_STRIP = NO;
				DEBUG_INFORMATION_FORMAT = dwarf;
				ENABLE_STRICT_OBJC_MSGSEND = YES;
				ENABLE_TESTABILITY = YES;
				GCC_C_LANGUAGE_STANDARD = gnu11;
				GCC_DYNAMIC_NO_PIC = NO;
				GCC_NO_COMMON_BLOCKS = YES;
				GCC_OPTIMIZATION_LEVEL = 0;
				GCC_PREPROCESSOR_DEFINITIONS = (
					"DEBUG=1",
					"$(inherited)",
				);
				GCC_WARN_64_TO_32_BIT_CONVERSION = YES;
				GCC_WARN_ABOUT_RETURN_TYPE = YES_ERROR;
				GCC_WARN_UNDECLARED_SELECTOR = YES;
				GCC_WARN_UNINITIALIZED_AUTOS = YES_AGGRESSIVE;
				GCC_WARN_UNUSED_FUNCTION = YES;
				GCC_WARN_UNUSED_VARIABLE = YES;
				MACOSX_DEPLOYMENT_TARGET = 12.7;
				MTL_ENABLE_DEBUG_INFO = INCLUDE_SOURCE;
				MTL_FAST_MATH = YES;
				ONLY_ACTIVE_ARCH = YES;
				SDKROOT = macosx;
			};
			name = Debug;
		};
		559E922D2B75079400F1C2F1 /* Release */ = {
			isa = XCBuildConfiguration;
			buildSettings = {
				ALWAYS_SEARCH_USER_PATHS = NO;
				CLANG_ANALYZER_NONNULL = YES;
				CLANG_ANALYZER_NUMBER_OBJECT_CONVERSION = YES_AGGRESSIVE;
				CLANG_CXX_LANGUAGE_STANDARD = "gnu++20";
				CLANG_ENABLE_MODULES = YES;
				CLANG_ENABLE_OBJC_ARC = YES;
				CLANG_ENABLE_OBJC_WEAK = YES;
				CLANG_WARN_BLOCK_CAPTURE_AUTORELEASING = YES;
				CLANG_WARN_BOOL_CONVERSION = YES;
				CLANG_WARN_COMMA = YES;
				CLANG_WARN_CONSTANT_CONVERSION = YES;
				CLANG_WARN_DEPRECATED_OBJC_IMPLEMENTATIONS = YES;
				CLANG_WARN_DIRECT_OBJC_ISA_USAGE = YES_ERROR;
				CLANG_WARN_DOCUMENTATION_COMMENTS = YES;
				CLANG_WARN_EMPTY_BODY = YES;
				CLANG_WARN_ENUM_CONVERSION = YES;
				CLANG_WARN_INFINITE_RECURSION = YES;
				CLANG_WARN_INT_CONVERSION = YES;
				CLANG_WARN_NON_LITERAL_NULL_CONVERSION = YES;
				CLANG_WARN_OBJC_IMPLICIT_RETAIN_SELF = YES;
				CLANG_WARN_OBJC_LITERAL_CONVERSION = YES;
				CLANG_WARN_OBJC_ROOT_CLASS = YES_ERROR;
				CLANG_WARN_QUOTED_INCLUDE_IN_FRAMEWORK_HEADER = YES;
				CLANG_WARN_RANGE_LOOP_ANALYSIS = YES;
				CLANG_WARN_STRICT_PROTOTYPES = YES;
				CLANG_WARN_SUSPICIOUS_MOVE = YES;
				CLANG_WARN_UNGUARDED_AVAILABILITY = YES_AGGRESSIVE;
				CLANG_WARN_UNREACHABLE_CODE = YES;
				CLANG_WARN__DUPLICATE_METHOD_MATCH = YES;
				COPY_PHASE_STRIP = NO;
				DEBUG_INFORMATION_FORMAT = "dwarf-with-dsym";
				ENABLE_NS_ASSERTIONS = NO;
				ENABLE_STRICT_OBJC_MSGSEND = YES;
				GCC_C_LANGUAGE_STANDARD = gnu11;
				GCC_NO_COMMON_BLOCKS = YES;
				GCC_WARN_64_TO_32_BIT_CONVERSION = YES;
				GCC_WARN_ABOUT_RETURN_TYPE = YES_ERROR;
				GCC_WARN_UNDECLARED_SELECTOR = YES;
				GCC_WARN_UNINITIALIZED_AUTOS = YES_AGGRESSIVE;
				GCC_WARN_UNUSED_FUNCTION = YES;
				GCC_WARN_UNUSED_VARIABLE = YES;
				MACOSX_DEPLOYMENT_TARGET = 12.7;
				MTL_ENABLE_DEBUG_INFO = NO;
				MTL_FAST_MATH = YES;
				SDKROOT = macosx;
			};
			name = Release;
		};
		559E922F2B75079400F1C2F1 /* Debug */ = {
			isa = XCBuildConfiguration;
			buildSettings = {
				CODE_SIGN_ENTITLEMENTS = SDL_ttf_Events_homework/SDL_ttf_Events_homework.entitlements;
				CODE_SIGN_STYLE = Automatic;
				ENABLE_HARDENED_RUNTIME = YES;
				FRAMEWORK_SEARCH_PATHS = (
					"$(inherited)",
					"$(LOCAL_LIBRARY_DIR)/Frameworks",
				);
				PRODUCT_NAME = "$(TARGET_NAME)";
			};
			name = Debug;
		};
		559E92302B75079400F1C2F1 /* Release */ = {
			isa = XCBuildConfiguration;
			buildSettings = {
				CODE_SIGN_ENTITLEMENTS = SDL_ttf_Events_homework/SDL_ttf_Events_homework.entitlements;
				CODE_SIGN_STYLE = Automatic;
				ENABLE_HARDENED_RUNTIME = YES;
				FRAMEWORK_SEARCH_PATHS = (
					"$(inherited)",
					"$(LOCAL_LIBRARY_DIR)/Frameworks",
				);
				PRODUCT_NAME = "$(TARGET_NAME)";
			};
			name = Release;
		};
/* End XCBuildConfiguration section */

/* Begin XCConfigurationList section */
		559E92222B75079400F1C2F1 /* Build configuration list for PBXProject "SDL_ttf_Events_homework" */ = {
			isa = XCConfigurationList;
			buildConfigurations = (
				559E922C2B75079400F1C2F1 /* Debug */,
				559E922D2B75079400F1C2F1 /* Release */,
			);
			defaultConfigurationIsVisible = 0;
			defaultConfigurationName = Release;
		};
		559E922E2B75079400F1C2F1 /* Build configuration list for PBXNativeTarget "SDL_ttf_Events_homework" */ = {
			isa = XCConfigurationList;
			buildConfigurations = (
				559E922F2B75079400F1C2F1 /* Debug */,
				559E92302B75079400F1C2F1 /* Release */,
			);
			defaultConfigurationIsVisible = 0;
			defaultConfigurationName = Release;
		};
/* End XCConfigurationList section */
	};
	rootObject = 559E921F2B75079400F1C2F1 /* Project object */;
}
